// !$*UTF8*$!
{
	archiveVersion = 1;
	classes = {
	};
	objectVersion = 50;
	objects = {

/* Begin PBXBuildFile section */
		88797A3424B79F9100635D4A /* AppDelegate.swift in Sources */ = {isa = PBXBuildFile; fileRef = 88797A3324B79F9100635D4A /* AppDelegate.swift */; };
		88797A3624B79F9100635D4A /* SceneDelegate.swift in Sources */ = {isa = PBXBuildFile; fileRef = 88797A3524B79F9100635D4A /* SceneDelegate.swift */; };
		88797A3824B79F9100635D4A /* HomeViewController.swift in Sources */ = {isa = PBXBuildFile; fileRef = 88797A3724B79F9100635D4A /* HomeViewController.swift */; };
		88797A3B24B79F9100635D4A /* Main.storyboard in Resources */ = {isa = PBXBuildFile; fileRef = 88797A3924B79F9100635D4A /* Main.storyboard */; };
		88797A3D24B79F9600635D4A /* Assets.xcassets in Resources */ = {isa = PBXBuildFile; fileRef = 88797A3C24B79F9600635D4A /* Assets.xcassets */; };
		88797A4024B79F9600635D4A /* LaunchScreen.storyboard in Resources */ = {isa = PBXBuildFile; fileRef = 88797A3E24B79F9600635D4A /* LaunchScreen.storyboard */; };
		88797A4B24BCDA6300635D4A /* Document.swift in Sources */ = {isa = PBXBuildFile; fileRef = 88797A4A24BCDA6300635D4A /* Document.swift */; };
/* End PBXBuildFile section */

/* Begin PBXFileReference section */
		88797A3024B79F9100635D4A /* DScan.app */ = {isa = PBXFileReference; explicitFileType = wrapper.application; includeInIndex = 0; path = DScan.app; sourceTree = BUILT_PRODUCTS_DIR; };
		88797A3324B79F9100635D4A /* AppDelegate.swift */ = {isa = PBXFileReference; lastKnownFileType = sourcecode.swift; path = AppDelegate.swift; sourceTree = "<group>"; };
		88797A3524B79F9100635D4A /* SceneDelegate.swift */ = {isa = PBXFileReference; lastKnownFileType = sourcecode.swift; path = SceneDelegate.swift; sourceTree = "<group>"; };
		88797A3724B79F9100635D4A /* HomeViewController.swift */ = {isa = PBXFileReference; lastKnownFileType = sourcecode.swift; path = HomeViewController.swift; sourceTree = "<group>"; };
		88797A3A24B79F9100635D4A /* Base */ = {isa = PBXFileReference; lastKnownFileType = file.storyboard; name = Base; path = Base.lproj/Main.storyboard; sourceTree = "<group>"; };
		88797A3C24B79F9600635D4A /* Assets.xcassets */ = {isa = PBXFileReference; lastKnownFileType = folder.assetcatalog; path = Assets.xcassets; sourceTree = "<group>"; };
		88797A3F24B79F9600635D4A /* Base */ = {isa = PBXFileReference; lastKnownFileType = file.storyboard; name = Base; path = Base.lproj/LaunchScreen.storyboard; sourceTree = "<group>"; };
		88797A4124B79F9600635D4A /* Info.plist */ = {isa = PBXFileReference; lastKnownFileType = text.plist.xml; path = Info.plist; sourceTree = "<group>"; };
		88797A4A24BCDA6300635D4A /* Document.swift */ = {isa = PBXFileReference; lastKnownFileType = sourcecode.swift; path = Document.swift; sourceTree = "<group>"; };
/* End PBXFileReference section */

/* Begin PBXFrameworksBuildPhase section */
		88797A2D24B79F9100635D4A /* Frameworks */ = {
			isa = PBXFrameworksBuildPhase;
			buildActionMask = 2147483647;
			files = (
			);
			runOnlyForDeploymentPostprocessing = 0;
		};
/* End PBXFrameworksBuildPhase section */

/* Begin PBXGroup section */
		88797A2724B79F9100635D4A = {
			isa = PBXGroup;
			children = (
				88797A3224B79F9100635D4A /* DScan */,
				88797A3124B79F9100635D4A /* Products */,
			);
			sourceTree = "<group>";
		};
		88797A3124B79F9100635D4A /* Products */ = {
			isa = PBXGroup;
			children = (
				88797A3024B79F9100635D4A /* DScan.app */,
			);
			name = Products;
			sourceTree = "<group>";
		};
		88797A3224B79F9100635D4A /* DScan */ = {
			isa = PBXGroup;
			children = (
				88797A4924B79FD200635D4A /* res */,
				88797A4824B79FCA00635D4A /* modules */,
				88797A4724B79FC300635D4A /* app */,
			);
			path = DScan;
			sourceTree = "<group>";
		};
		88797A4724B79FC300635D4A /* app */ = {
			isa = PBXGroup;
			children = (
				88797A4124B79F9600635D4A /* Info.plist */,
				88797A3324B79F9100635D4A /* AppDelegate.swift */,
				88797A3524B79F9100635D4A /* SceneDelegate.swift */,
			);
			path = app;
			sourceTree = "<group>";
		};
		88797A4824B79FCA00635D4A /* modules */ = {
			isa = PBXGroup;
			children = (
				88797A3724B79F9100635D4A /* HomeViewController.swift */,
				88797A3924B79F9100635D4A /* Main.storyboard */,
				88797A4A24BCDA6300635D4A /* Document.swift */,
			);
			path = modules;
			sourceTree = "<group>";
		};
		88797A4924B79FD200635D4A /* res */ = {
			isa = PBXGroup;
			children = (
				88797A3E24B79F9600635D4A /* LaunchScreen.storyboard */,
				88797A3C24B79F9600635D4A /* Assets.xcassets */,
			);
			path = res;
			sourceTree = "<group>";
		};
/* End PBXGroup section */

/* Begin PBXNativeTarget section */
		88797A2F24B79F9100635D4A /* DScan */ = {
			isa = PBXNativeTarget;
			buildConfigurationList = 88797A4424B79F9600635D4A /* Build configuration list for PBXNativeTarget "DScan" */;
			buildPhases = (
				88797A2C24B79F9100635D4A /* Sources */,
				88797A2D24B79F9100635D4A /* Frameworks */,
				88797A2E24B79F9100635D4A /* Resources */,
			);
			buildRules = (
			);
			dependencies = (
			);
			name = DScan;
			productName = DScan;
			productReference = 88797A3024B79F9100635D4A /* DScan.app */;
			productType = "com.apple.product-type.application";
		};
/* End PBXNativeTarget section */

/* Begin PBXProject section */
		88797A2824B79F9100635D4A /* Project object */ = {
			isa = PBXProject;
			attributes = {
				LastSwiftUpdateCheck = 1130;
				LastUpgradeCheck = 1130;
				ORGANIZATIONNAME = vandilson;
				TargetAttributes = {
					88797A2F24B79F9100635D4A = {
						CreatedOnToolsVersion = 11.3.1;
					};
				};
			};
			buildConfigurationList = 88797A2B24B79F9100635D4A /* Build configuration list for PBXProject "DScan" */;
			compatibilityVersion = "Xcode 9.3";
			developmentRegion = en;
			hasScannedForEncodings = 0;
			knownRegions = (
				en,
				Base,
			);
			mainGroup = 88797A2724B79F9100635D4A;
			productRefGroup = 88797A3124B79F9100635D4A /* Products */;
			projectDirPath = "";
			projectRoot = "";
			targets = (
				88797A2F24B79F9100635D4A /* DScan */,
			);
		};
/* End PBXProject section */

/* Begin PBXResourcesBuildPhase section */
		88797A2E24B79F9100635D4A /* Resources */ = {
			isa = PBXResourcesBuildPhase;
			buildActionMask = 2147483647;
			files = (
				88797A4024B79F9600635D4A /* LaunchScreen.storyboard in Resources */,
				88797A3D24B79F9600635D4A /* Assets.xcassets in Resources */,
				88797A3B24B79F9100635D4A /* Main.storyboard in Resources */,
			);
			runOnlyForDeploymentPostprocessing = 0;
		};
/* End PBXResourcesBuildPhase section */

/* Begin PBXSourcesBuildPhase section */
		88797A2C24B79F9100635D4A /* Sources */ = {
			isa = PBXSourcesBuildPhase;
			buildActionMask = 2147483647;
			files = (
				88797A4B24BCDA6300635D4A /* Document.swift in Sources */,
				88797A3824B79F9100635D4A /* HomeViewController.swift in Sources */,
				88797A3424B79F9100635D4A /* AppDelegate.swift in Sources */,
				88797A3624B79F9100635D4A /* SceneDelegate.swift in Sources */,
			);
			runOnlyForDeploymentPostprocessing = 0;
		};
/* End PBXSourcesBuildPhase section */

/* Begin PBXVariantGroup section */
		88797A3924B79F9100635D4A /* Main.storyboard */ = {
			isa = PBXVariantGroup;
			children = (
				88797A3A24B79F9100635D4A /* Base */,
			);
			name = Main.storyboard;
			sourceTree = "<group>";
		};
		88797A3E24B79F9600635D4A /* LaunchScreen.storyboard */ = {
			isa = PBXVariantGroup;
			children = (
				88797A3F24B79F9600635D4A /* Base */,
			);
			name = LaunchScreen.storyboard;
			sourceTree = "<group>";
		};
/* End PBXVariantGroup section */

/* Begin XCBuildConfiguration section */
		88797A4224B79F9600635D4A /* Debug */ = {
			isa = XCBuildConfiguration;
			buildSettings = {
				ALWAYS_SEARCH_USER_PATHS = NO;
				CLANG_ANALYZER_NONNULL = YES;
				CLANG_ANALYZER_NUMBER_OBJECT_CONVERSION = YES_AGGRESSIVE;
				CLANG_CXX_LANGUAGE_STANDARD = "gnu++14";
				CLANG_CXX_LIBRARY = "libc++";
				CLANG_ENABLE_MODULES = YES;
				CLANG_ENABLE_OBJC_ARC = YES;
				CLANG_ENABLE_OBJC_WEAK = YES;
				CLANG_WARN_BLOCK_CAPTURE_AUTORELEASING = YES;
				CLANG_WARN_BOOL_CONVERSION = YES;
				CLANG_WARN_COMMA = YES;
				CLANG_WARN_CONSTANT_CONVERSION = YES;
				CLANG_WARN_DEPRECATED_OBJC_IMPLEMENTATIONS = YES;
				CLANG_WARN_DIRECT_OBJC_ISA_USAGE = YES_ERROR;
				CLANG_WARN_DOCUMENTATION_COMMENTS = YES;
				CLANG_WARN_EMPTY_BODY = YES;
				CLANG_WARN_ENUM_CONVERSION = YES;
				CLANG_WARN_INFINITE_RECURSION = YES;
				CLANG_WARN_INT_CONVERSION = YES;
				CLANG_WARN_NON_LITERAL_NULL_CONVERSION = YES;
				CLANG_WARN_OBJC_IMPLICIT_RETAIN_SELF = YES;
				CLANG_WARN_OBJC_LITERAL_CONVERSION = YES;
				CLANG_WARN_OBJC_ROOT_CLASS = YES_ERROR;
				CLANG_WARN_RANGE_LOOP_ANALYSIS = YES;
				CLANG_WARN_STRICT_PROTOTYPES = YES;
				CLANG_WARN_SUSPICIOUS_MOVE = YES;
				CLANG_WARN_UNGUARDED_AVAILABILITY = YES_AGGRESSIVE;
				CLANG_WARN_UNREACHABLE_CODE = YES;
				CLANG_WARN__DUPLICATE_METHOD_MATCH = YES;
				COPY_PHASE_STRIP = NO;
				DEBUG_INFORMATION_FORMAT = dwarf;
				ENABLE_STRICT_OBJC_MSGSEND = YES;
				ENABLE_TESTABILITY = YES;
				GCC_C_LANGUAGE_STANDARD = gnu11;
				GCC_DYNAMIC_NO_PIC = NO;
				GCC_NO_COMMON_BLOCKS = YES;
				GCC_OPTIMIZATION_LEVEL = 0;
				GCC_PREPROCESSOR_DEFINITIONS = (
					"DEBUG=1",
					"$(inherited)",
				);
				GCC_WARN_64_TO_32_BIT_CONVERSION = YES;
				GCC_WARN_ABOUT_RETURN_TYPE = YES_ERROR;
				GCC_WARN_UNDECLARED_SELECTOR = YES;
				GCC_WARN_UNINITIALIZED_AUTOS = YES_AGGRESSIVE;
				GCC_WARN_UNUSED_FUNCTION = YES;
				GCC_WARN_UNUSED_VARIABLE = YES;
				IPHONEOS_DEPLOYMENT_TARGET = 13.2;
				MTL_ENABLE_DEBUG_INFO = INCLUDE_SOURCE;
				MTL_FAST_MATH = YES;
				ONLY_ACTIVE_ARCH = YES;
				SDKROOT = iphoneos;
				SWIFT_ACTIVE_COMPILATION_CONDITIONS = DEBUG;
				SWIFT_OPTIMIZATION_LEVEL = "-Onone";
			};
			name = Debug;
		};
		88797A4324B79F9600635D4A /* Release */ = {
			isa = XCBuildConfiguration;
			buildSettings = {
				ALWAYS_SEARCH_USER_PATHS = NO;
				CLANG_ANALYZER_NONNULL = YES;
				CLANG_ANALYZER_NUMBER_OBJECT_CONVERSION = YES_AGGRESSIVE;
				CLANG_CXX_LANGUAGE_STANDARD = "gnu++14";
				CLANG_CXX_LIBRARY = "libc++";
				CLANG_ENABLE_MODULES = YES;
				CLANG_ENABLE_OBJC_ARC = YES;
				CLANG_ENABLE_OBJC_WEAK = YES;
				CLANG_WARN_BLOCK_CAPTURE_AUTORELEASING = YES;
				CLANG_WARN_BOOL_CONVERSION = YES;
				CLANG_WARN_COMMA = YES;
				CLANG_WARN_CONSTANT_CONVERSION = YES;
				CLANG_WARN_DEPRECATED_OBJC_IMPLEMENTATIONS = YES;
				CLANG_WARN_DIRECT_OBJC_ISA_USAGE = YES_ERROR;
				CLANG_WARN_DOCUMENTATION_COMMENTS = YES;
				CLANG_WARN_EMPTY_BODY = YES;
				CLANG_WARN_ENUM_CONVERSION = YES;
				CLANG_WARN_INFINITE_RECURSION = YES;
				CLANG_WARN_INT_CONVERSION = YES;
				CLANG_WARN_NON_LITERAL_NULL_CONVERSION = YES;
				CLANG_WARN_OBJC_IMPLICIT_RETAIN_SELF = YES;
				CLANG_WARN_OBJC_LITERAL_CONVERSION = YES;
				CLANG_WARN_OBJC_ROOT_CLASS = YES_ERROR;
				CLANG_WARN_RANGE_LOOP_ANALYSIS = YES;
				CLANG_WARN_STRICT_PROTOTYPES = YES;
				CLANG_WARN_SUSPICIOUS_MOVE = YES;
				CLANG_WARN_UNGUARDED_AVAILABILITY = YES_AGGRESSIVE;
				CLANG_WARN_UNREACHABLE_CODE = YES;
				CLANG_WARN__DUPLICATE_METHOD_MATCH = YES;
				COPY_PHASE_STRIP = NO;
				DEBUG_INFORMATION_FORMAT = "dwarf-with-dsym";
				ENABLE_NS_ASSERTIONS = NO;
				ENABLE_STRICT_OBJC_MSGSEND = YES;
				GCC_C_LANGUAGE_STANDARD = gnu11;
				GCC_NO_COMMON_BLOCKS = YES;
				GCC_WARN_64_TO_32_BIT_CONVERSION = YES;
				GCC_WARN_ABOUT_RETURN_TYPE = YES_ERROR;
				GCC_WARN_UNDECLARED_SELECTOR = YES;
				GCC_WARN_UNINITIALIZED_AUTOS = YES_AGGRESSIVE;
				GCC_WARN_UNUSED_FUNCTION = YES;
				GCC_WARN_UNUSED_VARIABLE = YES;
				IPHONEOS_DEPLOYMENT_TARGET = 13.2;
				MTL_ENABLE_DEBUG_INFO = NO;
				MTL_FAST_MATH = YES;
				SDKROOT = iphoneos;
				SWIFT_COMPILATION_MODE = wholemodule;
				SWIFT_OPTIMIZATION_LEVEL = "-O";
				VALIDATE_PRODUCT = YES;
			};
			name = Release;
		};
		88797A4524B79F9600635D4A /* Debug */ = {
			isa = XCBuildConfiguration;
			buildSettings = {
				ASSETCATALOG_COMPILER_APPICON_NAME = AppIcon;
				CODE_SIGN_STYLE = Automatic;
				DEVELOPMENT_TEAM = G4U859NU57;
				INFOPLIST_FILE = DScan/app/Info.plist;
				LD_RUNPATH_SEARCH_PATHS = (
					"$(inherited)",
					"@executable_path/Frameworks",
				);
				PRODUCT_BUNDLE_IDENTIFIER = vandilson.lima.DScan;
				PRODUCT_NAME = "$(TARGET_NAME)";
				SWIFT_VERSION = 5.0;
				TARGETED_DEVICE_FAMILY = "1,2";
			};
			name = Debug;
		};
		88797A4624B79F9600635D4A /* Release */ = {
			isa = XCBuildConfiguration;
			buildSettings = {
				ASSETCATALOG_COMPILER_APPICON_NAME = AppIcon;
				CODE_SIGN_STYLE = Automatic;
				DEVELOPMENT_TEAM = G4U859NU57;
				INFOPLIST_FILE = DScan/app/Info.plist;
				LD_RUNPATH_SEARCH_PATHS = (
					"$(inherited)",
					"@executable_path/Frameworks",
				);
				PRODUCT_BUNDLE_IDENTIFIER = vandilson.lima.DScan;
				PRODUCT_NAME = "$(TARGET_NAME)";
				SWIFT_VERSION = 5.0;
				TARGETED_DEVICE_FAMILY = "1,2";
			};
			name = Release;
		};
/* End XCBuildConfiguration section */

/* Begin XCConfigurationList section */
		88797A2B24B79F9100635D4A /* Build configuration list for PBXProject "DScan" */ = {
			isa = XCConfigurationList;
			buildConfigurations = (
				88797A4224B79F9600635D4A /* Debug */,
				88797A4324B79F9600635D4A /* Release */,
			);
			defaultConfigurationIsVisible = 0;
			defaultConfigurationName = Release;
		};
		88797A4424B79F9600635D4A /* Build configuration list for PBXNativeTarget "DScan" */ = {
			isa = XCConfigurationList;
			buildConfigurations = (
				88797A4524B79F9600635D4A /* Debug */,
				88797A4624B79F9600635D4A /* Release */,
			);
			defaultConfigurationIsVisible = 0;
			defaultConfigurationName = Release;
		};
/* End XCConfigurationList section */
	};
	rootObject = 88797A2824B79F9100635D4A /* Project object */;
}
